Microsoft Visual Studio Solution File, Format Version 12.00
# Visual Studio Version 17
VisualStudioVersion = 17.5.2.0
MinimumVisualStudioVersion = 10.0.40219.1
Project("{FAE04EC0-301F-11D3-BF4B-00C04F79EFBC}") = "DentalClinicApi", "DentalClinicApi.csproj", "{42E7A911-C915-99E4-0B57-4832B8D7E5AA}"
EndProject
Global
	GlobalSection(SolutionConfigurationPlatforms) = preSolution
		Debug|Any CPU = Debug|Any CPU
		Release|Any CPU = Release|Any CPU
	EndGlobalSection
	GlobalSection(ProjectConfigurationPlatforms) = postSolution
		{42E7A911-C915-99E4-0B57-4832B8D7E5AA}.Debug|Any CPU.ActiveCfg = Debug|Any CPU
		{42E7A911-C915-99E4-0B57-4832B8D7E5AA}.Debug|Any CPU.Build.0 = Debug|Any CPU
		{42E7A911-C915-99E4-0B57-4832B8D7E5AA}.Release|Any CPU.ActiveCfg = Release|Any CPU
		{42E7A911-C915-99E4-0B57-4832B8D7E5AA}.Release|Any CPU.Build.0 = Release|Any CPU
	EndGlobalSection
	GlobalSection(SolutionProperties) = preSolution
		HideSolutionNode = FALSE
	EndGlobalSection
	GlobalSection(ExtensibilityGlobals) = postSolution
		SolutionGuid = {978AB104-CD52-435A-B04E-198BD5353AC6}
	EndGlobalSection
EndGlobal
